// !$*UTF8*$!
{
	archiveVersion = 1;
	classes = {
	};
	objectVersion = 46;
	objects = {

/* Begin PBXBuildFile section */
		C60702391E8E7A64007933F0 /* MainScreenCellTableViewCell.m in Sources */ = {isa = PBXBuildFile; fileRef = C60702381E8E7A64007933F0 /* MainScreenCellTableViewCell.m */; };
		C60FFA401E8934470054F83D /* Assets.xcassets in Resources */ = {isa = PBXBuildFile; fileRef = C67BAAE71E7EBDC2004E9126 /* Assets.xcassets */; };
		C60FFA441E895B560054F83D /* NewObjectViewController.m in Sources */ = {isa = PBXBuildFile; fileRef = C60FFA431E895B560054F83D /* NewObjectViewController.m */; };
		C64380C71EAD358100D88E01 /* DetailObjectController.m in Sources */ = {isa = PBXBuildFile; fileRef = C64380C61EAD358100D88E01 /* DetailObjectController.m */; };
		C67BAADA1E7EBDC1004E9126 /* main.m in Sources */ = {isa = PBXBuildFile; fileRef = C67BAAD91E7EBDC1004E9126 /* main.m */; };
		C67BAADD1E7EBDC1004E9126 /* AppDelegate.m in Sources */ = {isa = PBXBuildFile; fileRef = C67BAADC1E7EBDC1004E9126 /* AppDelegate.m */; };
		C67BAAE01E7EBDC1004E9126 /* MainViewController.m in Sources */ = {isa = PBXBuildFile; fileRef = C67BAADF1E7EBDC1004E9126 /* MainViewController.m */; };
		C67BAAE31E7EBDC1004E9126 /* MeetingsViewController.m in Sources */ = {isa = PBXBuildFile; fileRef = C67BAAE21E7EBDC1004E9126 /* MeetingsViewController.m */; };
		C67BAB4C1E7EE195004E9126 /* StyleKitName.m in Sources */ = {isa = PBXBuildFile; fileRef = C67BAB4B1E7EE195004E9126 /* StyleKitName.m */; };
		C67BAB571E7EEF59004E9126 /* MainScreenView.m in Sources */ = {isa = PBXBuildFile; fileRef = C67BAB561E7EEF59004E9126 /* MainScreenView.m */; };
		C6A36DA51E9A827B00A00F04 /* CollectionViewCell.m in Sources */ = {isa = PBXBuildFile; fileRef = C6A36DA41E9A827B00A00F04 /* CollectionViewCell.m */; };
		C6A36DAB1E9A98EC00A00F04 /* AssetsLibrary.framework in Frameworks */ = {isa = PBXBuildFile; fileRef = C6A36DAA1E9A98EC00A00F04 /* AssetsLibrary.framework */; };
		C6BEF0D91EA793EA00EF9C0B /* Checkmark.m in Sources */ = {isa = PBXBuildFile; fileRef = C6BEF0D81EA793EA00EF9C0B /* Checkmark.m */; };
		C6DB4FD21E8FD9A400CD4AE2 /* EstateObject.m in Sources */ = {isa = PBXBuildFile; fileRef = C6DB4FD11E8FD9A400CD4AE2 /* EstateObject.m */; };
		C6E35E651E9D08A100235216 /* Main.storyboard in Resources */ = {isa = PBXBuildFile; fileRef = C6E35E641E9D08A100235216 /* Main.storyboard */; };
		C6F428441E7FFBE800B5613F /* MapViewController.m in Sources */ = {isa = PBXBuildFile; fileRef = C6F428421E7FFBE800B5613F /* MapViewController.m */; };
/* End PBXBuildFile section */

/* Begin PBXFileReference section */
		C60702371E8E7A64007933F0 /* MainScreenCellTableViewCell.h */ = {isa = PBXFileReference; fileEncoding = 4; lastKnownFileType = sourcecode.c.h; path = MainScreenCellTableViewCell.h; sourceTree = "<group>"; };
		C60702381E8E7A64007933F0 /* MainScreenCellTableViewCell.m */ = {isa = PBXFileReference; fileEncoding = 4; lastKnownFileType = sourcecode.c.objc; path = MainScreenCellTableViewCell.m; sourceTree = "<group>"; };
		C607023B1E8E89DD007933F0 /* MainViewController.h */ = {isa = PBXFileReference; fileEncoding = 4; lastKnownFileType = sourcecode.c.h; path = MainViewController.h; sourceTree = "<group>"; };
		C60FFA421E895B560054F83D /* NewObjectViewController.h */ = {isa = PBXFileReference; fileEncoding = 4; lastKnownFileType = sourcecode.c.h; path = NewObjectViewController.h; sourceTree = "<group>"; };
		C60FFA431E895B560054F83D /* NewObjectViewController.m */ = {isa = PBXFileReference; fileEncoding = 4; lastKnownFileType = sourcecode.c.objc; path = NewObjectViewController.m; sourceTree = "<group>"; };
		C64380C51EAD358100D88E01 /* DetailObjectController.h */ = {isa = PBXFileReference; fileEncoding = 4; lastKnownFileType = sourcecode.c.h; path = DetailObjectController.h; sourceTree = "<group>"; };
		C64380C61EAD358100D88E01 /* DetailObjectController.m */ = {isa = PBXFileReference; fileEncoding = 4; lastKnownFileType = sourcecode.c.objc; path = DetailObjectController.m; sourceTree = "<group>"; };
		C67BAAD51E7EBDC1004E9126 /* RieltAssistant.app */ = {isa = PBXFileReference; explicitFileType = wrapper.application; includeInIndex = 0; path = RieltAssistant.app; sourceTree = BUILT_PRODUCTS_DIR; };
		C67BAAD91E7EBDC1004E9126 /* main.m */ = {isa = PBXFileReference; lastKnownFileType = sourcecode.c.objc; path = main.m; sourceTree = "<group>"; };
		C67BAADB1E7EBDC1004E9126 /* AppDelegate.h */ = {isa = PBXFileReference; lastKnownFileType = sourcecode.c.h; path = AppDelegate.h; sourceTree = "<group>"; };
		C67BAADC1E7EBDC1004E9126 /* AppDelegate.m */ = {isa = PBXFileReference; lastKnownFileType = sourcecode.c.objc; path = AppDelegate.m; sourceTree = "<group>"; };
		C67BAADF1E7EBDC1004E9126 /* MainViewController.m */ = {isa = PBXFileReference; lastKnownFileType = sourcecode.c.objc; path = MainViewController.m; sourceTree = "<group>"; };
		C67BAAE11E7EBDC1004E9126 /* MeetingsViewController.h */ = {isa = PBXFileReference; lastKnownFileType = sourcecode.c.h; path = MeetingsViewController.h; sourceTree = "<group>"; };
		C67BAAE21E7EBDC1004E9126 /* MeetingsViewController.m */ = {isa = PBXFileReference; lastKnownFileType = sourcecode.c.objc; path = MeetingsViewController.m; sourceTree = "<group>"; };
		C67BAAE71E7EBDC2004E9126 /* Assets.xcassets */ = {isa = PBXFileReference; lastKnownFileType = folder.assetcatalog; path = Assets.xcassets; sourceTree = "<group>"; };
		C67BAAEA1E7EBDC2004E9126 /* Base */ = {isa = PBXFileReference; lastKnownFileType = file.storyboard; name = Base; path = Base.lproj/LaunchScreen.storyboard; sourceTree = "<group>"; };
		C67BAAEC1E7EBDC2004E9126 /* Info.plist */ = {isa = PBXFileReference; lastKnownFileType = text.plist.xml; path = Info.plist; sourceTree = "<group>"; };
		C67BAB4A1E7EE195004E9126 /* StyleKitName.h */ = {isa = PBXFileReference; fileEncoding = 4; lastKnownFileType = sourcecode.c.h; name = StyleKitName.h; path = "Помощник риэлтора/StyleKitName.h"; sourceTree = "<group>"; };
		C67BAB4B1E7EE195004E9126 /* StyleKitName.m */ = {isa = PBXFileReference; fileEncoding = 4; lastKnownFileType = sourcecode.c.objc; name = StyleKitName.m; path = "Помощник риэлтора/StyleKitName.m"; sourceTree = "<group>"; };
		C67BAB551E7EEF59004E9126 /* MainScreenView.h */ = {isa = PBXFileReference; fileEncoding = 4; lastKnownFileType = sourcecode.c.h; path = MainScreenView.h; sourceTree = "<group>"; };
		C67BAB561E7EEF59004E9126 /* MainScreenView.m */ = {isa = PBXFileReference; fileEncoding = 4; lastKnownFileType = sourcecode.c.objc; path = MainScreenView.m; sourceTree = "<group>"; };
		C6A36DA31E9A827B00A00F04 /* CollectionViewCell.h */ = {isa = PBXFileReference; fileEncoding = 4; lastKnownFileType = sourcecode.c.h; path = CollectionViewCell.h; sourceTree = "<group>"; };
		C6A36DA41E9A827B00A00F04 /* CollectionViewCell.m */ = {isa = PBXFileReference; fileEncoding = 4; lastKnownFileType = sourcecode.c.objc; path = CollectionViewCell.m; sourceTree = "<group>"; };
		C6A36DAA1E9A98EC00A00F04 /* AssetsLibrary.framework */ = {isa = PBXFileReference; lastKnownFileType = wrapper.framework; name = AssetsLibrary.framework; path = System/Library/Frameworks/AssetsLibrary.framework; sourceTree = SDKROOT; };
		C6BEF0D71EA793EA00EF9C0B /* Checkmark.h */ = {isa = PBXFileReference; fileEncoding = 4; lastKnownFileType = sourcecode.c.h; path = Checkmark.h; sourceTree = "<group>"; };
		C6BEF0D81EA793EA00EF9C0B /* Checkmark.m */ = {isa = PBXFileReference; fileEncoding = 4; lastKnownFileType = sourcecode.c.objc; path = Checkmark.m; sourceTree = "<group>"; };
		C6DB4FD01E8FD9A400CD4AE2 /* EstateObject.h */ = {isa = PBXFileReference; fileEncoding = 4; lastKnownFileType = sourcecode.c.h; path = EstateObject.h; sourceTree = "<group>"; };
		C6DB4FD11E8FD9A400CD4AE2 /* EstateObject.m */ = {isa = PBXFileReference; fileEncoding = 4; lastKnownFileType = sourcecode.c.objc; path = EstateObject.m; sourceTree = "<group>"; };
		C6E35E641E9D08A100235216 /* Main.storyboard */ = {isa = PBXFileReference; fileEncoding = 4; lastKnownFileType = file.storyboard; path = Main.storyboard; sourceTree = "<group>"; };
		C6F428411E7FFBE800B5613F /* MapViewController.h */ = {isa = PBXFileReference; fileEncoding = 4; lastKnownFileType = sourcecode.c.h; path = MapViewController.h; sourceTree = "<group>"; };
		C6F428421E7FFBE800B5613F /* MapViewController.m */ = {isa = PBXFileReference; fileEncoding = 4; lastKnownFileType = sourcecode.c.objc; path = MapViewController.m; sourceTree = "<group>"; };
/* End PBXFileReference section */

/* Begin PBXFrameworksBuildPhase section */
		C67BAAD21E7EBDC1004E9126 /* Frameworks */ = {
			isa = PBXFrameworksBuildPhase;
			buildActionMask = 2147483647;
			files = (
				C6A36DAB1E9A98EC00A00F04 /* AssetsLibrary.framework in Frameworks */,
			);
			runOnlyForDeploymentPostprocessing = 0;
		};
/* End PBXFrameworksBuildPhase section */

/* Begin PBXGroup section */
		C60FFA411E894BFF0054F83D /* Storyboards */ = {
			isa = PBXGroup;
			children = (
				C6E35E641E9D08A100235216 /* Main.storyboard */,
				C67BAAE91E7EBDC2004E9126 /* LaunchScreen.storyboard */,
			);
			name = Storyboards;
			sourceTree = "<group>";
		};
		C67BAACC1E7EBDC1004E9126 = {
			isa = PBXGroup;
			children = (
				C67BAAD71E7EBDC1004E9126 /* Помощник риэлтора */,
				C67BAAD61E7EBDC1004E9126 /* Products */,
				C6A36DA91E9A98EB00A00F04 /* Frameworks */,
			);
			sourceTree = "<group>";
		};
		C67BAAD61E7EBDC1004E9126 /* Products */ = {
			isa = PBXGroup;
			children = (
				C67BAAD51E7EBDC1004E9126 /* RieltAssistant.app */,
			);
			name = Products;
			sourceTree = "<group>";
		};
		C67BAAD71E7EBDC1004E9126 /* Помощник риэлтора */ = {
			isa = PBXGroup;
			children = (
				C6BA7F3D1E91733F0060D745 /* Category */,
				C6DE1CA71E897CE2008F3536 /* Model */,
				C6DE1CA81E897CF1008F3536 /* Cells */,
				C60FFA411E894BFF0054F83D /* Storyboards */,
				C67BAB4E1E7EE1CD004E9126 /* ViewControllers */,
				C67BAB4F1E7EE1EC004E9126 /* Views */,
				C67BAB1C1E7ED6C2004E9126 /* Assets */,
				C67BAAD81E7EBDC1004E9126 /* Supporting Files */,
			);
			path = "Помощник риэлтора";
			sourceTree = "<group>";
		};
		C67BAAD81E7EBDC1004E9126 /* Supporting Files */ = {
			isa = PBXGroup;
			children = (
				C67BAADB1E7EBDC1004E9126 /* AppDelegate.h */,
				C67BAADC1E7EBDC1004E9126 /* AppDelegate.m */,
				C67BAAEC1E7EBDC2004E9126 /* Info.plist */,
				C67BAAD91E7EBDC1004E9126 /* main.m */,
			);
			name = "Supporting Files";
			sourceTree = "<group>";
		};
		C67BAB1C1E7ED6C2004E9126 /* Assets */ = {
			isa = PBXGroup;
			children = (
				C67BAAE71E7EBDC2004E9126 /* Assets.xcassets */,
			);
			name = Assets;
			sourceTree = "<group>";
		};
		C67BAB4D1E7EE19E004E9126 /* StyleKit */ = {
			isa = PBXGroup;
			children = (
				C67BAB4A1E7EE195004E9126 /* StyleKitName.h */,
				C67BAB4B1E7EE195004E9126 /* StyleKitName.m */,
			);
			name = StyleKit;
			path = ..;
			sourceTree = "<group>";
		};
		C67BAB4E1E7EE1CD004E9126 /* ViewControllers */ = {
			isa = PBXGroup;
			children = (
				C607023B1E8E89DD007933F0 /* MainViewController.h */,
				C67BAADF1E7EBDC1004E9126 /* MainViewController.m */,
				C64380C51EAD358100D88E01 /* DetailObjectController.h */,
				C64380C61EAD358100D88E01 /* DetailObjectController.m */,
				C60FFA421E895B560054F83D /* NewObjectViewController.h */,
				C60FFA431E895B560054F83D /* NewObjectViewController.m */,
				C67BAAE11E7EBDC1004E9126 /* MeetingsViewController.h */,
				C67BAAE21E7EBDC1004E9126 /* MeetingsViewController.m */,
				C6F428411E7FFBE800B5613F /* MapViewController.h */,
				C6F428421E7FFBE800B5613F /* MapViewController.m */,
			);
			name = ViewControllers;
			sourceTree = "<group>";
		};
		C67BAB4F1E7EE1EC004E9126 /* Views */ = {
			isa = PBXGroup;
			children = (
				C67BAB4D1E7EE19E004E9126 /* StyleKit */,
				C67BAB551E7EEF59004E9126 /* MainScreenView.h */,
				C67BAB561E7EEF59004E9126 /* MainScreenView.m */,
				C6BEF0D71EA793EA00EF9C0B /* Checkmark.h */,
				C6BEF0D81EA793EA00EF9C0B /* Checkmark.m */,
			);
			name = Views;
			sourceTree = "<group>";
		};
		C6A36DA91E9A98EB00A00F04 /* Frameworks */ = {
			isa = PBXGroup;
			children = (
				C6A36DAA1E9A98EC00A00F04 /* AssetsLibrary.framework */,
			);
			name = Frameworks;
			sourceTree = "<group>";
		};
		C6BA7F3D1E91733F0060D745 /* Category */ = {
			isa = PBXGroup;
			children = (
			);
			name = Category;
			sourceTree = "<group>";
		};
		C6DE1CA71E897CE2008F3536 /* Model */ = {
			isa = PBXGroup;
			children = (
				C6DB4FD01E8FD9A400CD4AE2 /* EstateObject.h */,
				C6DB4FD11E8FD9A400CD4AE2 /* EstateObject.m */,
			);
			name = Model;
			path = ..;
			sourceTree = "<group>";
		};
		C6DE1CA81E897CF1008F3536 /* Cells */ = {
			isa = PBXGroup;
			children = (
				C60702371E8E7A64007933F0 /* MainScreenCellTableViewCell.h */,
				C60702381E8E7A64007933F0 /* MainScreenCellTableViewCell.m */,
				C6A36DA31E9A827B00A00F04 /* CollectionViewCell.h */,
				C6A36DA41E9A827B00A00F04 /* CollectionViewCell.m */,
			);
			name = Cells;
			path = ..;
			sourceTree = "<group>";
		};
/* End PBXGroup section */

/* Begin PBXNativeTarget section */
		C67BAAD41E7EBDC1004E9126 /* RieltAssistant */ = {
			isa = PBXNativeTarget;
			buildConfigurationList = C67BAAEF1E7EBDC2004E9126 /* Build configuration list for PBXNativeTarget "RieltAssistant" */;
			buildPhases = (
				C67BAAD11E7EBDC1004E9126 /* Sources */,
				C67BAAD21E7EBDC1004E9126 /* Frameworks */,
				C67BAAD31E7EBDC1004E9126 /* Resources */,
			);
			buildRules = (
			);
			dependencies = (
			);
			name = RieltAssistant;
			productName = "Помощник риэлтора";
			productReference = C67BAAD51E7EBDC1004E9126 /* RieltAssistant.app */;
			productType = "com.apple.product-type.application";
		};
/* End PBXNativeTarget section */

/* Begin PBXProject section */
		C67BAACD1E7EBDC1004E9126 /* Project object */ = {
			isa = PBXProject;
			attributes = {
				LastUpgradeCheck = 0820;
				ORGANIZATIONNAME = Chebahatt;
				TargetAttributes = {
					C67BAAD41E7EBDC1004E9126 = {
						CreatedOnToolsVersion = 8.2.1;
						DevelopmentTeam = 8LJGXZ9C93;
						ProvisioningStyle = Automatic;
					};
				};
			};
			buildConfigurationList = C67BAAD01E7EBDC1004E9126 /* Build configuration list for PBXProject "RieltAssistant" */;
			compatibilityVersion = "Xcode 3.2";
			developmentRegion = English;
			hasScannedForEncodings = 0;
			knownRegions = (
				en,
				Base,
			);
			mainGroup = C67BAACC1E7EBDC1004E9126;
			productRefGroup = C67BAAD61E7EBDC1004E9126 /* Products */;
			projectDirPath = "";
			projectRoot = "";
			targets = (
				C67BAAD41E7EBDC1004E9126 /* RieltAssistant */,
			);
		};
/* End PBXProject section */

/* Begin PBXResourcesBuildPhase section */
		C67BAAD31E7EBDC1004E9126 /* Resources */ = {
			isa = PBXResourcesBuildPhase;
			buildActionMask = 2147483647;
			files = (
				C6E35E651E9D08A100235216 /* Main.storyboard in Resources */,
				C60FFA401E8934470054F83D /* Assets.xcassets in Resources */,
			);
			runOnlyForDeploymentPostprocessing = 0;
		};
/* End PBXResourcesBuildPhase section */

/* Begin PBXSourcesBuildPhase section */
		C67BAAD11E7EBDC1004E9126 /* Sources */ = {
			isa = PBXSourcesBuildPhase;
			buildActionMask = 2147483647;
			files = (
				C67BAAE31E7EBDC1004E9126 /* MeetingsViewController.m in Sources */,
				C67BAB571E7EEF59004E9126 /* MainScreenView.m in Sources */,
				C6F428441E7FFBE800B5613F /* MapViewController.m in Sources */,
				C67BAADD1E7EBDC1004E9126 /* AppDelegate.m in Sources */,
				C60FFA441E895B560054F83D /* NewObjectViewController.m in Sources */,
				C67BAAE01E7EBDC1004E9126 /* MainViewController.m in Sources */,
				C6A36DA51E9A827B00A00F04 /* CollectionViewCell.m in Sources */,
				C64380C71EAD358100D88E01 /* DetailObjectController.m in Sources */,
				C6DB4FD21E8FD9A400CD4AE2 /* EstateObject.m in Sources */,
				C60702391E8E7A64007933F0 /* MainScreenCellTableViewCell.m in Sources */,
				C67BAB4C1E7EE195004E9126 /* StyleKitName.m in Sources */,
				C67BAADA1E7EBDC1004E9126 /* main.m in Sources */,
				C6BEF0D91EA793EA00EF9C0B /* Checkmark.m in Sources */,
			);
			runOnlyForDeploymentPostprocessing = 0;
		};
/* End PBXSourcesBuildPhase section */

/* Begin PBXVariantGroup section */
		C67BAAE91E7EBDC2004E9126 /* LaunchScreen.storyboard */ = {
			isa = PBXVariantGroup;
			children = (
				C67BAAEA1E7EBDC2004E9126 /* Base */,
			);
			name = LaunchScreen.storyboard;
			sourceTree = "<group>";
		};
/* End PBXVariantGroup section */

/* Begin XCBuildConfiguration section */
		C67BAAED1E7EBDC2004E9126 /* Debug */ = {
			isa = XCBuildConfiguration;
			buildSettings = {
				ALWAYS_SEARCH_USER_PATHS = NO;
				CLANG_ANALYZER_NONNULL = YES;
				CLANG_CXX_LANGUAGE_STANDARD = "gnu++0x";
				CLANG_CXX_LIBRARY = "libc++";
				CLANG_ENABLE_MODULES = YES;
				CLANG_ENABLE_OBJC_ARC = YES;
				CLANG_WARN_BOOL_CONVERSION = YES;
				CLANG_WARN_CONSTANT_CONVERSION = YES;
				CLANG_WARN_DIRECT_OBJC_ISA_USAGE = YES_ERROR;
				CLANG_WARN_DOCUMENTATION_COMMENTS = YES;
				CLANG_WARN_EMPTY_BODY = YES;
				CLANG_WARN_ENUM_CONVERSION = YES;
				CLANG_WARN_INFINITE_RECURSION = YES;
				CLANG_WARN_INT_CONVERSION = YES;
				CLANG_WARN_OBJC_ROOT_CLASS = YES_ERROR;
				CLANG_WARN_SUSPICIOUS_MOVE = YES;
				CLANG_WARN_UNREACHABLE_CODE = YES;
				CLANG_WARN__DUPLICATE_METHOD_MATCH = YES;
				"CODE_SIGN_IDENTITY[sdk=iphoneos*]" = "iPhone Developer";
				COPY_PHASE_STRIP = NO;
				DEBUG_INFORMATION_FORMAT = dwarf;
				ENABLE_STRICT_OBJC_MSGSEND = YES;
				ENABLE_TESTABILITY = YES;
				GCC_C_LANGUAGE_STANDARD = gnu99;
				GCC_DYNAMIC_NO_PIC = NO;
				GCC_NO_COMMON_BLOCKS = YES;
				GCC_OPTIMIZATION_LEVEL = 0;
				GCC_PREPROCESSOR_DEFINITIONS = (
					"DEBUG=1",
					"$(inherited)",
				);
				GCC_WARN_64_TO_32_BIT_CONVERSION = YES;
				GCC_WARN_ABOUT_RETURN_TYPE = YES_ERROR;
				GCC_WARN_UNDECLARED_SELECTOR = YES;
				GCC_WARN_UNINITIALIZED_AUTOS = YES_AGGRESSIVE;
				GCC_WARN_UNUSED_FUNCTION = YES;
				GCC_WARN_UNUSED_VARIABLE = YES;
				IPHONEOS_DEPLOYMENT_TARGET = 10.2;
				MTL_ENABLE_DEBUG_INFO = YES;
				ONLY_ACTIVE_ARCH = YES;
				SDKROOT = iphoneos;
				TARGETED_DEVICE_FAMILY = "1,2";
			};
			name = Debug;
		};
		C67BAAEE1E7EBDC2004E9126 /* Release */ = {
			isa = XCBuildConfiguration;
			buildSettings = {
				ALWAYS_SEARCH_USER_PATHS = NO;
				CLANG_ANALYZER_NONNULL = YES;
				CLANG_CXX_LANGUAGE_STANDARD = "gnu++0x";
				CLANG_CXX_LIBRARY = "libc++";
				CLANG_ENABLE_MODULES = YES;
				CLANG_ENABLE_OBJC_ARC = YES;
				CLANG_WARN_BOOL_CONVERSION = YES;
				CLANG_WARN_CONSTANT_CONVERSION = YES;
				CLANG_WARN_DIRECT_OBJC_ISA_USAGE = YES_ERROR;
				CLANG_WARN_DOCUMENTATION_COMMENTS = YES;
				CLANG_WARN_EMPTY_BODY = YES;
				CLANG_WARN_ENUM_CONVERSION = YES;
				CLANG_WARN_INFINITE_RECURSION = YES;
				CLANG_WARN_INT_CONVERSION = YES;
				CLANG_WARN_OBJC_ROOT_CLASS = YES_ERROR;
				CLANG_WARN_SUSPICIOUS_MOVE = YES;
				CLANG_WARN_UNREACHABLE_CODE = YES;
				CLANG_WARN__DUPLICATE_METHOD_MATCH = YES;
				"CODE_SIGN_IDENTITY[sdk=iphoneos*]" = "iPhone Developer";
				COPY_PHASE_STRIP = NO;
				DEBUG_INFORMATION_FORMAT = "dwarf-with-dsym";
				ENABLE_NS_ASSERTIONS = NO;
				ENABLE_STRICT_OBJC_MSGSEND = YES;
				GCC_C_LANGUAGE_STANDARD = gnu99;
				GCC_NO_COMMON_BLOCKS = YES;
				GCC_WARN_64_TO_32_BIT_CONVERSION = YES;
				GCC_WARN_ABOUT_RETURN_TYPE = YES_ERROR;
				GCC_WARN_UNDECLARED_SELECTOR = YES;
				GCC_WARN_UNINITIALIZED_AUTOS = YES_AGGRESSIVE;
				GCC_WARN_UNUSED_FUNCTION = YES;
				GCC_WARN_UNUSED_VARIABLE = YES;
				IPHONEOS_DEPLOYMENT_TARGET = 10.2;
				MTL_ENABLE_DEBUG_INFO = NO;
				SDKROOT = iphoneos;
				TARGETED_DEVICE_FAMILY = "1,2";
				VALIDATE_PRODUCT = YES;
			};
			name = Release;
		};
		C67BAAF01E7EBDC2004E9126 /* Debug */ = {
			isa = XCBuildConfiguration;
			buildSettings = {
				ASSETCATALOG_COMPILER_APPICON_NAME = AppIcon;
				DEVELOPMENT_TEAM = 8LJGXZ9C93;
				INFOPLIST_FILE = "Помощник риэлтора/Info.plist";
				LD_RUNPATH_SEARCH_PATHS = "$(inherited) @executable_path/Frameworks";
				PRODUCT_BUNDLE_IDENTIFIER = "Chebahatt.-----------------";
				PRODUCT_NAME = "$(TARGET_NAME)";
			};
			name = Debug;
		};
		C67BAAF11E7EBDC2004E9126 /* Release */ = {
			isa = XCBuildConfiguration;
			buildSettings = {
				ASSETCATALOG_COMPILER_APPICON_NAME = AppIcon;
				DEVELOPMENT_TEAM = 8LJGXZ9C93;
				INFOPLIST_FILE = "Помощник риэлтора/Info.plist";
				LD_RUNPATH_SEARCH_PATHS = "$(inherited) @executable_path/Frameworks";
				PRODUCT_BUNDLE_IDENTIFIER = "Chebahatt.-----------------";
				PRODUCT_NAME = "$(TARGET_NAME)";
			};
			name = Release;
		};
/* End XCBuildConfiguration section */

/* Begin XCConfigurationList section */
		C67BAAD01E7EBDC1004E9126 /* Build configuration list for PBXProject "RieltAssistant" */ = {
			isa = XCConfigurationList;
			buildConfigurations = (
				C67BAAED1E7EBDC2004E9126 /* Debug */,
				C67BAAEE1E7EBDC2004E9126 /* Release */,
			);
			defaultConfigurationIsVisible = 0;
			defaultConfigurationName = Release;
		};
		C67BAAEF1E7EBDC2004E9126 /* Build configuration list for PBXNativeTarget "RieltAssistant" */ = {
			isa = XCConfigurationList;
			buildConfigurations = (
				C67BAAF01E7EBDC2004E9126 /* Debug */,
				C67BAAF11E7EBDC2004E9126 /* Release */,
			);
			defaultConfigurationIsVisible = 0;
			defaultConfigurationName = Release;
		};
/* End XCConfigurationList section */
	};
	rootObject = C67BAACD1E7EBDC1004E9126 /* Project object */;
}
